
Microsoft Visual Studio Solution File, Format Version 12.00
# Visual Studio Version 17
VisualStudioVersion = 17.7.34003.232
MinimumVisualStudioVersion = 10.0.40219.1
Project("{9A19103F-16F7-4668-BE54-9A1E7A4F7556}") = "StockManagement", "StockManagement\StockManagement.csproj", "{DE6A195D-4D68-44B2-A130-526FEB5E84FD}"
EndProject
Project("{9A19103F-16F7-4668-BE54-9A1E7A4F7556}") = "StockManagement_Test", "StockManagement_Test\StockManagement_Test.csproj", "{6F687058-214C-407A-BCCE-D4DC6DE51CF5}"
	ProjectSection(ProjectDependencies) = postProject
		{DE6A195D-4D68-44B2-A130-526FEB5E84FD} = {DE6A195D-4D68-44B2-A130-526FEB5E84FD}
	EndProjectSection
EndProject
Project("{9A19103F-16F7-4668-BE54-9A1E7A4F7556}") = "StockManagementAPI", "StockManagementAPI\StockManagementAPI.csproj", "{3000EC82-5809-4111-9030-85440936454C}"
EndProject
Project("{9A19103F-16F7-4668-BE54-9A1E7A4F7556}") = "StockManagementLibraries", "StockManagementLibraries\StockManagementLibraries.csproj", "{11A0B8DB-98B1-4076-B7A0-770DC0A18C7B}"
EndProject
Project("{9A19103F-16F7-4668-BE54-9A1E7A4F7556}") = "StockManagementMVC", "StockManagementMVC\StockManagementMVC.csproj", "{5D31AF46-A0AC-4123-B586-32BF92F5FED7}"
EndProject
Project("{9A19103F-16F7-4668-BE54-9A1E7A4F7556}") = "StockManagementMVC_Tests", "StockManagementMVC_Tests\StockManagementMVC_Tests.csproj", "{D1528A06-E5CA-401D-ABEC-B530826567FF}"
EndProject
Project("{9A19103F-16F7-4668-BE54-9A1E7A4F7556}") = "StockManagementAPI_Tests", "StockManagementAPI_Tests\StockManagementAPI_Tests.csproj", "{F87CE4A7-8C38-4B86-BE4A-B63563CC8A6B}"
EndProject
Global
	GlobalSection(SolutionConfigurationPlatforms) = preSolution
		Debug|Any CPU = Debug|Any CPU
		Release|Any CPU = Release|Any CPU
	EndGlobalSection
	GlobalSection(ProjectConfigurationPlatforms) = postSolution
		{DE6A195D-4D68-44B2-A130-526FEB5E84FD}.Debug|Any CPU.ActiveCfg = Debug|Any CPU
		{DE6A195D-4D68-44B2-A130-526FEB5E84FD}.Debug|Any CPU.Build.0 = Debug|Any CPU
		{DE6A195D-4D68-44B2-A130-526FEB5E84FD}.Release|Any CPU.ActiveCfg = Release|Any CPU
		{DE6A195D-4D68-44B2-A130-526FEB5E84FD}.Release|Any CPU.Build.0 = Release|Any CPU
		{6F687058-214C-407A-BCCE-D4DC6DE51CF5}.Debug|Any CPU.ActiveCfg = Debug|Any CPU
		{6F687058-214C-407A-BCCE-D4DC6DE51CF5}.Debug|Any CPU.Build.0 = Debug|Any CPU
		{6F687058-214C-407A-BCCE-D4DC6DE51CF5}.Release|Any CPU.ActiveCfg = Release|Any CPU
		{6F687058-214C-407A-BCCE-D4DC6DE51CF5}.Release|Any CPU.Build.0 = Release|Any CPU
		{3000EC82-5809-4111-9030-85440936454C}.Debug|Any CPU.ActiveCfg = Debug|Any CPU
		{3000EC82-5809-4111-9030-85440936454C}.Debug|Any CPU.Build.0 = Debug|Any CPU
		{3000EC82-5809-4111-9030-85440936454C}.Release|Any CPU.ActiveCfg = Release|Any CPU
		{3000EC82-5809-4111-9030-85440936454C}.Release|Any CPU.Build.0 = Release|Any CPU
		{11A0B8DB-98B1-4076-B7A0-770DC0A18C7B}.Debug|Any CPU.ActiveCfg = Debug|Any CPU
		{11A0B8DB-98B1-4076-B7A0-770DC0A18C7B}.Debug|Any CPU.Build.0 = Debug|Any CPU
		{11A0B8DB-98B1-4076-B7A0-770DC0A18C7B}.Release|Any CPU.ActiveCfg = Release|Any CPU
		{11A0B8DB-98B1-4076-B7A0-770DC0A18C7B}.Release|Any CPU.Build.0 = Release|Any CPU
		{5D31AF46-A0AC-4123-B586-32BF92F5FED7}.Debug|Any CPU.ActiveCfg = Debug|Any CPU
		{5D31AF46-A0AC-4123-B586-32BF92F5FED7}.Debug|Any CPU.Build.0 = Debug|Any CPU
		{5D31AF46-A0AC-4123-B586-32BF92F5FED7}.Release|Any CPU.ActiveCfg = Release|Any CPU
		{5D31AF46-A0AC-4123-B586-32BF92F5FED7}.Release|Any CPU.Build.0 = Release|Any CPU
		{D1528A06-E5CA-401D-ABEC-B530826567FF}.Debug|Any CPU.ActiveCfg = Debug|Any CPU
		{D1528A06-E5CA-401D-ABEC-B530826567FF}.Debug|Any CPU.Build.0 = Debug|Any CPU
		{D1528A06-E5CA-401D-ABEC-B530826567FF}.Release|Any CPU.ActiveCfg = Release|Any CPU
		{D1528A06-E5CA-401D-ABEC-B530826567FF}.Release|Any CPU.Build.0 = Release|Any CPU
		{F87CE4A7-8C38-4B86-BE4A-B63563CC8A6B}.Debug|Any CPU.ActiveCfg = Debug|Any CPU
		{F87CE4A7-8C38-4B86-BE4A-B63563CC8A6B}.Debug|Any CPU.Build.0 = Debug|Any CPU
		{F87CE4A7-8C38-4B86-BE4A-B63563CC8A6B}.Release|Any CPU.ActiveCfg = Release|Any CPU
		{F87CE4A7-8C38-4B86-BE4A-B63563CC8A6B}.Release|Any CPU.Build.0 = Release|Any CPU
	EndGlobalSection
	GlobalSection(SolutionProperties) = preSolution
		HideSolutionNode = FALSE
	EndGlobalSection
	GlobalSection(ExtensibilityGlobals) = postSolution
		SolutionGuid = {06967E03-7812-4435-96B9-A0CB9428AC08}
	EndGlobalSection
EndGlobal
